
Microsoft Visual Studio Solution File, Format Version 12.00
# Visual Studio 15
VisualStudioVersion = 15.0.26730.16
MinimumVisualStudioVersion = 10.0.40219.1
Project("{FAE04EC0-301F-11D3-BF4B-00C04F79EFBC}") = "Quadratic Calculator", "Quadratic Calculator\Quadratic Calculator.csproj", "{882E07BC-25F9-4FDF-8E51-8EC5DAADA8C9}"
EndProject
Global
	GlobalSection(SolutionConfigurationPlatforms) = preSolution
		Debug|Any CPU = Debug|Any CPU
		Release|Any CPU = Release|Any CPU
	EndGlobalSection
	GlobalSection(ProjectConfigurationPlatforms) = postSolution
		{882E07BC-25F9-4FDF-8E51-8EC5DAADA8C9}.Debug|Any CPU.ActiveCfg = Debug|Any CPU
		{882E07BC-25F9-4FDF-8E51-8EC5DAADA8C9}.Debug|Any CPU.Build.0 = Debug|Any CPU
		{882E07BC-25F9-4FDF-8E51-8EC5DAADA8C9}.Release|Any CPU.ActiveCfg = Release|Any CPU
		{882E07BC-25F9-4FDF-8E51-8EC5DAADA8C9}.Release|Any CPU.Build.0 = Release|Any CPU
	EndGlobalSection
	GlobalSection(SolutionProperties) = preSolution
		HideSolutionNode = FALSE
	EndGlobalSection
	GlobalSection(ExtensibilityGlobals) = postSolution
		SolutionGuid = {09FF6957-9D9C-4AB5-914F-AFF3E930EEC5}
	EndGlobalSection
EndGlobal
